// !$*UTF8*$!
{
	archiveVersion = 1;
	classes = {
	};
	objectVersion = 46;
	objects = {

/* Begin PBXBuildFile section */
		9AF096BF93BD82A656E63F12 /* libPods.a in Frameworks */ = {isa = PBXBuildFile; fileRef = C4031BECC97B19F58161DFFC /* libPods.a */; };
		AD83A9C21BEC28B2005F7371 /* main.m in Sources */ = {isa = PBXBuildFile; fileRef = AD83A9C11BEC28B2005F7371 /* main.m */; };
		AD83A9C51BEC28B2005F7371 /* AppDelegate.m in Sources */ = {isa = PBXBuildFile; fileRef = AD83A9C41BEC28B2005F7371 /* AppDelegate.m */; };
		AD83A9C81BEC28B2005F7371 /* ViewController.m in Sources */ = {isa = PBXBuildFile; fileRef = AD83A9C71BEC28B2005F7371 /* ViewController.m */; };
		AD83A9CB1BEC28B2005F7371 /* Main.storyboard in Resources */ = {isa = PBXBuildFile; fileRef = AD83A9C91BEC28B2005F7371 /* Main.storyboard */; };
		AD83A9CD1BEC28B2005F7371 /* Assets.xcassets in Resources */ = {isa = PBXBuildFile; fileRef = AD83A9CC1BEC28B2005F7371 /* Assets.xcassets */; };
		AD83A9D01BEC28B2005F7371 /* LaunchScreen.storyboard in Resources */ = {isa = PBXBuildFile; fileRef = AD83A9CE1BEC28B2005F7371 /* LaunchScreen.storyboard */; };
		AD83A9DB1BEC28B3005F7371 /* ZhihuDaily2_0Tests.m in Sources */ = {isa = PBXBuildFile; fileRef = AD83A9DA1BEC28B3005F7371 /* ZhihuDaily2_0Tests.m */; };
		AD83A9E61BEC28B3005F7371 /* ZhihuDaily2_0UITests.m in Sources */ = {isa = PBXBuildFile; fileRef = AD83A9E51BEC28B3005F7371 /* ZhihuDaily2_0UITests.m */; };
/* End PBXBuildFile section */

/* Begin PBXContainerItemProxy section */
		AD83A9D71BEC28B2005F7371 /* PBXContainerItemProxy */ = {
			isa = PBXContainerItemProxy;
			containerPortal = AD83A9B51BEC28B2005F7371 /* Project object */;
			proxyType = 1;
			remoteGlobalIDString = AD83A9BC1BEC28B2005F7371;
			remoteInfo = ZhihuDaily2.0;
		};
		AD83A9E21BEC28B3005F7371 /* PBXContainerItemProxy */ = {
			isa = PBXContainerItemProxy;
			containerPortal = AD83A9B51BEC28B2005F7371 /* Project object */;
			proxyType = 1;
			remoteGlobalIDString = AD83A9BC1BEC28B2005F7371;
			remoteInfo = ZhihuDaily2.0;
		};
/* End PBXContainerItemProxy section */

/* Begin PBXFileReference section */
		3AD41AD98BA2916ADE53CE20 /* Pods.release.xcconfig */ = {isa = PBXFileReference; includeInIndex = 1; lastKnownFileType = text.xcconfig; name = Pods.release.xcconfig; path = "Pods/Target Support Files/Pods/Pods.release.xcconfig"; sourceTree = "<group>"; };
		AD83A9BD1BEC28B2005F7371 /* ZhihuDaily2.0.app */ = {isa = PBXFileReference; explicitFileType = wrapper.application; includeInIndex = 0; path = ZhihuDaily2.0.app; sourceTree = BUILT_PRODUCTS_DIR; };
		AD83A9C11BEC28B2005F7371 /* main.m */ = {isa = PBXFileReference; lastKnownFileType = sourcecode.c.objc; path = main.m; sourceTree = "<group>"; };
		AD83A9C31BEC28B2005F7371 /* AppDelegate.h */ = {isa = PBXFileReference; lastKnownFileType = sourcecode.c.h; path = AppDelegate.h; sourceTree = "<group>"; };
		AD83A9C41BEC28B2005F7371 /* AppDelegate.m */ = {isa = PBXFileReference; lastKnownFileType = sourcecode.c.objc; path = AppDelegate.m; sourceTree = "<group>"; };
		AD83A9C61BEC28B2005F7371 /* ViewController.h */ = {isa = PBXFileReference; lastKnownFileType = sourcecode.c.h; path = ViewController.h; sourceTree = "<group>"; };
		AD83A9C71BEC28B2005F7371 /* ViewController.m */ = {isa = PBXFileReference; lastKnownFileType = sourcecode.c.objc; path = ViewController.m; sourceTree = "<group>"; };
		AD83A9CA1BEC28B2005F7371 /* Base */ = {isa = PBXFileReference; lastKnownFileType = file.storyboard; name = Base; path = Base.lproj/Main.storyboard; sourceTree = "<group>"; };
		AD83A9CC1BEC28B2005F7371 /* Assets.xcassets */ = {isa = PBXFileReference; lastKnownFileType = folder.assetcatalog; path = Assets.xcassets; sourceTree = "<group>"; };
		AD83A9CF1BEC28B2005F7371 /* Base */ = {isa = PBXFileReference; lastKnownFileType = file.storyboard; name = Base; path = Base.lproj/LaunchScreen.storyboard; sourceTree = "<group>"; };
		AD83A9D11BEC28B2005F7371 /* Info.plist */ = {isa = PBXFileReference; lastKnownFileType = text.plist.xml; path = Info.plist; sourceTree = "<group>"; };
		AD83A9D61BEC28B2005F7371 /* ZhihuDaily2.0Tests.xctest */ = {isa = PBXFileReference; explicitFileType = wrapper.cfbundle; includeInIndex = 0; path = ZhihuDaily2.0Tests.xctest; sourceTree = BUILT_PRODUCTS_DIR; };
		AD83A9DA1BEC28B3005F7371 /* ZhihuDaily2_0Tests.m */ = {isa = PBXFileReference; lastKnownFileType = sourcecode.c.objc; path = ZhihuDaily2_0Tests.m; sourceTree = "<group>"; };
		AD83A9DC1BEC28B3005F7371 /* Info.plist */ = {isa = PBXFileReference; lastKnownFileType = text.plist.xml; path = Info.plist; sourceTree = "<group>"; };
		AD83A9E11BEC28B3005F7371 /* ZhihuDaily2.0UITests.xctest */ = {isa = PBXFileReference; explicitFileType = wrapper.cfbundle; includeInIndex = 0; path = ZhihuDaily2.0UITests.xctest; sourceTree = BUILT_PRODUCTS_DIR; };
		AD83A9E51BEC28B3005F7371 /* ZhihuDaily2_0UITests.m */ = {isa = PBXFileReference; lastKnownFileType = sourcecode.c.objc; path = ZhihuDaily2_0UITests.m; sourceTree = "<group>"; };
		AD83A9E71BEC28B3005F7371 /* Info.plist */ = {isa = PBXFileReference; lastKnownFileType = text.plist.xml; path = Info.plist; sourceTree = "<group>"; };
		C4031BECC97B19F58161DFFC /* libPods.a */ = {isa = PBXFileReference; explicitFileType = archive.ar; includeInIndex = 0; path = libPods.a; sourceTree = BUILT_PRODUCTS_DIR; };
		D91A71647ED3B6D046CD8423 /* Pods.debug.xcconfig */ = {isa = PBXFileReference; includeInIndex = 1; lastKnownFileType = text.xcconfig; name = Pods.debug.xcconfig; path = "Pods/Target Support Files/Pods/Pods.debug.xcconfig"; sourceTree = "<group>"; };
/* End PBXFileReference section */

/* Begin PBXFrameworksBuildPhase section */
		AD83A9BA1BEC28B2005F7371 /* Frameworks */ = {
			isa = PBXFrameworksBuildPhase;
			buildActionMask = 2147483647;
			files = (
				9AF096BF93BD82A656E63F12 /* libPods.a in Frameworks */,
			);
			runOnlyForDeploymentPostprocessing = 0;
		};
		AD83A9D31BEC28B2005F7371 /* Frameworks */ = {
			isa = PBXFrameworksBuildPhase;
			buildActionMask = 2147483647;
			files = (
			);
			runOnlyForDeploymentPostprocessing = 0;
		};
		AD83A9DE1BEC28B3005F7371 /* Frameworks */ = {
			isa = PBXFrameworksBuildPhase;
			buildActionMask = 2147483647;
			files = (
			);
			runOnlyForDeploymentPostprocessing = 0;
		};
/* End PBXFrameworksBuildPhase section */

/* Begin PBXGroup section */
		9F7C4757AC28FBCDF696057C /* Pods */ = {
			isa = PBXGroup;
			children = (
				D91A71647ED3B6D046CD8423 /* Pods.debug.xcconfig */,
				3AD41AD98BA2916ADE53CE20 /* Pods.release.xcconfig */,
			);
			name = Pods;
			sourceTree = "<group>";
		};
		AD83A9B41BEC28B2005F7371 = {
			isa = PBXGroup;
			children = (
				AD83A9BF1BEC28B2005F7371 /* ZhihuDaily2.0 */,
				AD83A9D91BEC28B3005F7371 /* ZhihuDaily2.0Tests */,
				AD83A9E41BEC28B3005F7371 /* ZhihuDaily2.0UITests */,
				AD83A9BE1BEC28B2005F7371 /* Products */,
				9F7C4757AC28FBCDF696057C /* Pods */,
				F80170D16CB899A22E81B7F9 /* Frameworks */,
			);
			sourceTree = "<group>";
		};
		AD83A9BE1BEC28B2005F7371 /* Products */ = {
			isa = PBXGroup;
			children = (
				AD83A9BD1BEC28B2005F7371 /* ZhihuDaily2.0.app */,
				AD83A9D61BEC28B2005F7371 /* ZhihuDaily2.0Tests.xctest */,
				AD83A9E11BEC28B3005F7371 /* ZhihuDaily2.0UITests.xctest */,
			);
			name = Products;
			sourceTree = "<group>";
		};
		AD83A9BF1BEC28B2005F7371 /* ZhihuDaily2.0 */ = {
			isa = PBXGroup;
			children = (
				AD83A9C31BEC28B2005F7371 /* AppDelegate.h */,
				AD83A9C41BEC28B2005F7371 /* AppDelegate.m */,
				AD83A9C61BEC28B2005F7371 /* ViewController.h */,
				AD83A9C71BEC28B2005F7371 /* ViewController.m */,
				AD83A9C91BEC28B2005F7371 /* Main.storyboard */,
				AD83A9CC1BEC28B2005F7371 /* Assets.xcassets */,
				AD83A9CE1BEC28B2005F7371 /* LaunchScreen.storyboard */,
				AD83A9D11BEC28B2005F7371 /* Info.plist */,
				AD83A9C01BEC28B2005F7371 /* Supporting Files */,
			);
			path = ZhihuDaily2.0;
			sourceTree = "<group>";
		};
		AD83A9C01BEC28B2005F7371 /* Supporting Files */ = {
			isa = PBXGroup;
			children = (
				AD83A9C11BEC28B2005F7371 /* main.m */,
			);
			name = "Supporting Files";
			sourceTree = "<group>";
		};
		AD83A9D91BEC28B3005F7371 /* ZhihuDaily2.0Tests */ = {
			isa = PBXGroup;
			children = (
				AD83A9DA1BEC28B3005F7371 /* ZhihuDaily2_0Tests.m */,
				AD83A9DC1BEC28B3005F7371 /* Info.plist */,
			);
			path = ZhihuDaily2.0Tests;
			sourceTree = "<group>";
		};
		AD83A9E41BEC28B3005F7371 /* ZhihuDaily2.0UITests */ = {
			isa = PBXGroup;
			children = (
				AD83A9E51BEC28B3005F7371 /* ZhihuDaily2_0UITests.m */,
				AD83A9E71BEC28B3005F7371 /* Info.plist */,
			);
			path = ZhihuDaily2.0UITests;
			sourceTree = "<group>";
		};
		F80170D16CB899A22E81B7F9 /* Frameworks */ = {
			isa = PBXGroup;
			children = (
				C4031BECC97B19F58161DFFC /* libPods.a */,
			);
			name = Frameworks;
			sourceTree = "<group>";
		};
/* End PBXGroup section */

/* Begin PBXNativeTarget section */
		AD83A9BC1BEC28B2005F7371 /* ZhihuDaily2.0 */ = {
			isa = PBXNativeTarget;
			buildConfigurationList = AD83A9EA1BEC28B3005F7371 /* Build configuration list for PBXNativeTarget "ZhihuDaily2.0" */;
			buildPhases = (
				D75069602F9BEBCD0B7DF368 /* Check Pods Manifest.lock */,
				AD83A9B91BEC28B2005F7371 /* Sources */,
				AD83A9BA1BEC28B2005F7371 /* Frameworks */,
				AD83A9BB1BEC28B2005F7371 /* Resources */,
				97AF791166041B29714A6282 /* Embed Pods Frameworks */,
				4509359298EE6E6C27A0291C /* Copy Pods Resources */,
			);
			buildRules = (
			);
			dependencies = (
			);
			name = ZhihuDaily2.0;
			productName = ZhihuDaily2.0;
			productReference = AD83A9BD1BEC28B2005F7371 /* ZhihuDaily2.0.app */;
			productType = "com.apple.product-type.application";
		};
		AD83A9D51BEC28B2005F7371 /* ZhihuDaily2.0Tests */ = {
			isa = PBXNativeTarget;
			buildConfigurationList = AD83A9ED1BEC28B3005F7371 /* Build configuration list for PBXNativeTarget "ZhihuDaily2.0Tests" */;
			buildPhases = (
				AD83A9D21BEC28B2005F7371 /* Sources */,
				AD83A9D31BEC28B2005F7371 /* Frameworks */,
				AD83A9D41BEC28B2005F7371 /* Resources */,
			);
			buildRules = (
			);
			dependencies = (
				AD83A9D81BEC28B2005F7371 /* PBXTargetDependency */,
			);
			name = ZhihuDaily2.0Tests;
			productName = ZhihuDaily2.0Tests;
			productReference = AD83A9D61BEC28B2005F7371 /* ZhihuDaily2.0Tests.xctest */;
			productType = "com.apple.product-type.bundle.unit-test";
		};
		AD83A9E01BEC28B3005F7371 /* ZhihuDaily2.0UITests */ = {
			isa = PBXNativeTarget;
			buildConfigurationList = AD83A9F01BEC28B3005F7371 /* Build configuration list for PBXNativeTarget "ZhihuDaily2.0UITests" */;
			buildPhases = (
				AD83A9DD1BEC28B3005F7371 /* Sources */,
				AD83A9DE1BEC28B3005F7371 /* Frameworks */,
				AD83A9DF1BEC28B3005F7371 /* Resources */,
			);
			buildRules = (
			);
			dependencies = (
				AD83A9E31BEC28B3005F7371 /* PBXTargetDependency */,
			);
			name = ZhihuDaily2.0UITests;
			productName = ZhihuDaily2.0UITests;
			productReference = AD83A9E11BEC28B3005F7371 /* ZhihuDaily2.0UITests.xctest */;
			productType = "com.apple.product-type.bundle.ui-testing";
		};
/* End PBXNativeTarget section */

/* Begin PBXProject section */
		AD83A9B51BEC28B2005F7371 /* Project object */ = {
			isa = PBXProject;
			attributes = {
				LastUpgradeCheck = 0700;
				ORGANIZATIONNAME = guyubin;
				TargetAttributes = {
					AD83A9BC1BEC28B2005F7371 = {
						CreatedOnToolsVersion = 7.0.1;
						DevelopmentTeam = 63349GKWYV;
					};
					AD83A9D51BEC28B2005F7371 = {
						CreatedOnToolsVersion = 7.0.1;
						DevelopmentTeam = 63349GKWYV;
						TestTargetID = AD83A9BC1BEC28B2005F7371;
					};
					AD83A9E01BEC28B3005F7371 = {
						CreatedOnToolsVersion = 7.0.1;
						DevelopmentTeam = 63349GKWYV;
						TestTargetID = AD83A9BC1BEC28B2005F7371;
					};
				};
			};
			buildConfigurationList = AD83A9B81BEC28B2005F7371 /* Build configuration list for PBXProject "ZhihuDaily2.0" */;
			compatibilityVersion = "Xcode 3.2";
			developmentRegion = English;
			hasScannedForEncodings = 0;
			knownRegions = (
				en,
				Base,
			);
			mainGroup = AD83A9B41BEC28B2005F7371;
			productRefGroup = AD83A9BE1BEC28B2005F7371 /* Products */;
			projectDirPath = "";
			projectRoot = "";
			targets = (
				AD83A9BC1BEC28B2005F7371 /* ZhihuDaily2.0 */,
				AD83A9D51BEC28B2005F7371 /* ZhihuDaily2.0Tests */,
				AD83A9E01BEC28B3005F7371 /* ZhihuDaily2.0UITests */,
			);
		};
/* End PBXProject section */

/* Begin PBXResourcesBuildPhase section */
		AD83A9BB1BEC28B2005F7371 /* Resources */ = {
			isa = PBXResourcesBuildPhase;
			buildActionMask = 2147483647;
			files = (
				AD83A9D01BEC28B2005F7371 /* LaunchScreen.storyboard in Resources */,
				AD83A9CD1BEC28B2005F7371 /* Assets.xcassets in Resources */,
				AD83A9CB1BEC28B2005F7371 /* Main.storyboard in Resources */,
			);
			runOnlyForDeploymentPostprocessing = 0;
		};
		AD83A9D41BEC28B2005F7371 /* Resources */ = {
			isa = PBXResourcesBuildPhase;
			buildActionMask = 2147483647;
			files = (
			);
			runOnlyForDeploymentPostprocessing = 0;
		};
		AD83A9DF1BEC28B3005F7371 /* Resources */ = {
			isa = PBXResourcesBuildPhase;
			buildActionMask = 2147483647;
			files = (
			);
			runOnlyForDeploymentPostprocessing = 0;
		};
/* End PBXResourcesBuildPhase section */

/* Begin PBXShellScriptBuildPhase section */
		4509359298EE6E6C27A0291C /* Copy Pods Resources */ = {
			isa = PBXShellScriptBuildPhase;
			buildActionMask = 2147483647;
			files = (
			);
			inputPaths = (
			);
			name = "Copy Pods Resources";
			outputPaths = (
			);
			runOnlyForDeploymentPostprocessing = 0;
			shellPath = /bin/sh;
			shellScript = "\"${SRCROOT}/Pods/Target Support Files/Pods/Pods-resources.sh\"\n";
			showEnvVarsInLog = 0;
		};
		97AF791166041B29714A6282 /* Embed Pods Frameworks */ = {
			isa = PBXShellScriptBuildPhase;
			buildActionMask = 2147483647;
			files = (
			);
			inputPaths = (
			);
			name = "Embed Pods Frameworks";
			outputPaths = (
			);
			runOnlyForDeploymentPostprocessing = 0;
			shellPath = /bin/sh;
			shellScript = "\"${SRCROOT}/Pods/Target Support Files/Pods/Pods-frameworks.sh\"\n";
			showEnvVarsInLog = 0;
		};
		D75069602F9BEBCD0B7DF368 /* Check Pods Manifest.lock */ = {
			isa = PBXShellScriptBuildPhase;
			buildActionMask = 2147483647;
			files = (
			);
			inputPaths = (
			);
			name = "Check Pods Manifest.lock";
			outputPaths = (
			);
			runOnlyForDeploymentPostprocessing = 0;
			shellPath = /bin/sh;
			shellScript = "diff \"${PODS_ROOT}/../Podfile.lock\" \"${PODS_ROOT}/Manifest.lock\" > /dev/null\nif [[ $? != 0 ]] ; then\n    cat << EOM\nerror: The sandbox is not in sync with the Podfile.lock. Run 'pod install' or update your CocoaPods installation.\nEOM\n    exit 1\nfi\n";
			showEnvVarsInLog = 0;
		};
/* End PBXShellScriptBuildPhase section */

/* Begin PBXSourcesBuildPhase section */
		AD83A9B91BEC28B2005F7371 /* Sources */ = {
			isa = PBXSourcesBuildPhase;
			buildActionMask = 2147483647;
			files = (
				AD83A9C81BEC28B2005F7371 /* ViewController.m in Sources */,
				AD83A9C51BEC28B2005F7371 /* AppDelegate.m in Sources */,
				AD83A9C21BEC28B2005F7371 /* main.m in Sources */,
			);
			runOnlyForDeploymentPostprocessing = 0;
		};
		AD83A9D21BEC28B2005F7371 /* Sources */ = {
			isa = PBXSourcesBuildPhase;
			buildActionMask = 2147483647;
			files = (
				AD83A9DB1BEC28B3005F7371 /* ZhihuDaily2_0Tests.m in Sources */,
			);
			runOnlyForDeploymentPostprocessing = 0;
		};
		AD83A9DD1BEC28B3005F7371 /* Sources */ = {
			isa = PBXSourcesBuildPhase;
			buildActionMask = 2147483647;
			files = (
				AD83A9E61BEC28B3005F7371 /* ZhihuDaily2_0UITests.m in Sources */,
			);
			runOnlyForDeploymentPostprocessing = 0;
		};
/* End PBXSourcesBuildPhase section */

/* Begin PBXTargetDependency section */
		AD83A9D81BEC28B2005F7371 /* PBXTargetDependency */ = {
			isa = PBXTargetDependency;
			target = AD83A9BC1BEC28B2005F7371 /* ZhihuDaily2.0 */;
			targetProxy = AD83A9D71BEC28B2005F7371 /* PBXContainerItemProxy */;
		};
		AD83A9E31BEC28B3005F7371 /* PBXTargetDependency */ = {
			isa = PBXTargetDependency;
			target = AD83A9BC1BEC28B2005F7371 /* ZhihuDaily2.0 */;
			targetProxy = AD83A9E21BEC28B3005F7371 /* PBXContainerItemProxy */;
		};
/* End PBXTargetDependency section */

/* Begin PBXVariantGroup section */
		AD83A9C91BEC28B2005F7371 /* Main.storyboard */ = {
			isa = PBXVariantGroup;
			children = (
				AD83A9CA1BEC28B2005F7371 /* Base */,
			);
			name = Main.storyboard;
			sourceTree = "<group>";
		};
		AD83A9CE1BEC28B2005F7371 /* LaunchScreen.storyboard */ = {
			isa = PBXVariantGroup;
			children = (
				AD83A9CF1BEC28B2005F7371 /* Base */,
			);
			name = LaunchScreen.storyboard;
			sourceTree = "<group>";
		};
/* End PBXVariantGroup section */

/* Begin XCBuildConfiguration section */
		AD83A9E81BEC28B3005F7371 /* Debug */ = {
			isa = XCBuildConfiguration;
			buildSettings = {
				ALWAYS_SEARCH_USER_PATHS = NO;
				CLANG_CXX_LANGUAGE_STANDARD = "gnu++0x";
				CLANG_CXX_LIBRARY = "libc++";
				CLANG_ENABLE_MODULES = YES;
				CLANG_ENABLE_OBJC_ARC = YES;
				CLANG_WARN_BOOL_CONVERSION = YES;
				CLANG_WARN_CONSTANT_CONVERSION = YES;
				CLANG_WARN_DIRECT_OBJC_ISA_USAGE = YES_ERROR;
				CLANG_WARN_EMPTY_BODY = YES;
				CLANG_WARN_ENUM_CONVERSION = YES;
				CLANG_WARN_INT_CONVERSION = YES;
				CLANG_WARN_OBJC_ROOT_CLASS = YES_ERROR;
				CLANG_WARN_UNREACHABLE_CODE = YES;
				CLANG_WARN__DUPLICATE_METHOD_MATCH = YES;
				"CODE_SIGN_IDENTITY[sdk=iphoneos*]" = "iPhone Developer";
				COPY_PHASE_STRIP = NO;
				DEBUG_INFORMATION_FORMAT = dwarf;
				ENABLE_STRICT_OBJC_MSGSEND = YES;
				ENABLE_TESTABILITY = YES;
				GCC_C_LANGUAGE_STANDARD = gnu99;
				GCC_DYNAMIC_NO_PIC = NO;
				GCC_NO_COMMON_BLOCKS = YES;
				GCC_OPTIMIZATION_LEVEL = 0;
				GCC_PREPROCESSOR_DEFINITIONS = (
					"DEBUG=1",
					"$(inherited)",
				);
				GCC_WARN_64_TO_32_BIT_CONVERSION = YES;
				GCC_WARN_ABOUT_RETURN_TYPE = YES_ERROR;
				GCC_WARN_UNDECLARED_SELECTOR = YES;
				GCC_WARN_UNINITIALIZED_AUTOS = YES_AGGRESSIVE;
				GCC_WARN_UNUSED_FUNCTION = YES;
				GCC_WARN_UNUSED_VARIABLE = YES;
				IPHONEOS_DEPLOYMENT_TARGET = 9.0;
				MTL_ENABLE_DEBUG_INFO = YES;
				ONLY_ACTIVE_ARCH = YES;
				SDKROOT = iphoneos;
				TARGETED_DEVICE_FAMILY = "1,2";
			};
			name = Debug;
		};
		AD83A9E91BEC28B3005F7371 /* Release */ = {
			isa = XCBuildConfiguration;
			buildSettings = {
				ALWAYS_SEARCH_USER_PATHS = NO;
				CLANG_CXX_LANGUAGE_STANDARD = "gnu++0x";
				CLANG_CXX_LIBRARY = "libc++";
				CLANG_ENABLE_MODULES = YES;
				CLANG_ENABLE_OBJC_ARC = YES;
				CLANG_WARN_BOOL_CONVERSION = YES;
				CLANG_WARN_CONSTANT_CONVERSION = YES;
				CLANG_WARN_DIRECT_OBJC_ISA_USAGE = YES_ERROR;
				CLANG_WARN_EMPTY_BODY = YES;
				CLANG_WARN_ENUM_CONVERSION = YES;
				CLANG_WARN_INT_CONVERSION = YES;
				CLANG_WARN_OBJC_ROOT_CLASS = YES_ERROR;
				CLANG_WARN_UNREACHABLE_CODE = YES;
				CLANG_WARN__DUPLICATE_METHOD_MATCH = YES;
				"CODE_SIGN_IDENTITY[sdk=iphoneos*]" = "iPhone Developer";
				COPY_PHASE_STRIP = NO;
				DEBUG_INFORMATION_FORMAT = "dwarf-with-dsym";
				ENABLE_NS_ASSERTIONS = NO;
				ENABLE_STRICT_OBJC_MSGSEND = YES;
				GCC_C_LANGUAGE_STANDARD = gnu99;
				GCC_NO_COMMON_BLOCKS = YES;
				GCC_WARN_64_TO_32_BIT_CONVERSION = YES;
				GCC_WARN_ABOUT_RETURN_TYPE = YES_ERROR;
				GCC_WARN_UNDECLARED_SELECTOR = YES;
				GCC_WARN_UNINITIALIZED_AUTOS = YES_AGGRESSIVE;
				GCC_WARN_UNUSED_FUNCTION = YES;
				GCC_WARN_UNUSED_VARIABLE = YES;
				IPHONEOS_DEPLOYMENT_TARGET = 9.0;
				MTL_ENABLE_DEBUG_INFO = NO;
				SDKROOT = iphoneos;
				TARGETED_DEVICE_FAMILY = "1,2";
				VALIDATE_PRODUCT = YES;
			};
			name = Release;
		};
		AD83A9EB1BEC28B3005F7371 /* Debug */ = {
			isa = XCBuildConfiguration;
			baseConfigurationReference = D91A71647ED3B6D046CD8423 /* Pods.debug.xcconfig */;
			buildSettings = {
				ASSETCATALOG_COMPILER_APPICON_NAME = AppIcon;
				INFOPLIST_FILE = ZhihuDaily2.0/Info.plist;
				LD_RUNPATH_SEARCH_PATHS = "$(inherited) @executable_path/Frameworks";
				PRODUCT_BUNDLE_IDENTIFIER = "com.ZhihuDaily2-0";
				PRODUCT_NAME = "$(TARGET_NAME)";
			};
			name = Debug;
		};
		AD83A9EC1BEC28B3005F7371 /* Release */ = {
			isa = XCBuildConfiguration;
			baseConfigurationReference = 3AD41AD98BA2916ADE53CE20 /* Pods.release.xcconfig */;
			buildSettings = {
				ASSETCATALOG_COMPILER_APPICON_NAME = AppIcon;
				INFOPLIST_FILE = ZhihuDaily2.0/Info.plist;
				LD_RUNPATH_SEARCH_PATHS = "$(inherited) @executable_path/Frameworks";
				PRODUCT_BUNDLE_IDENTIFIER = "com.ZhihuDaily2-0";
				PRODUCT_NAME = "$(TARGET_NAME)";
			};
			name = Release;
		};
		AD83A9EE1BEC28B3005F7371 /* Debug */ = {
			isa = XCBuildConfiguration;
			buildSettings = {
				BUNDLE_LOADER = "$(TEST_HOST)";
				INFOPLIST_FILE = ZhihuDaily2.0Tests/Info.plist;
				LD_RUNPATH_SEARCH_PATHS = "$(inherited) @executable_path/Frameworks @loader_path/Frameworks";
				PRODUCT_BUNDLE_IDENTIFIER = "com.ZhihuDaily2-0Tests";
				PRODUCT_NAME = "$(TARGET_NAME)";
				TEST_HOST = "$(BUILT_PRODUCTS_DIR)/ZhihuDaily2.0.app/ZhihuDaily2.0";
			};
			name = Debug;
		};
		AD83A9EF1BEC28B3005F7371 /* Release */ = {
			isa = XCBuildConfiguration;
			buildSettings = {
				BUNDLE_LOADER = "$(TEST_HOST)";
				INFOPLIST_FILE = ZhihuDaily2.0Tests/Info.plist;
				LD_RUNPATH_SEARCH_PATHS = "$(inherited) @executable_path/Frameworks @loader_path/Frameworks";
				PRODUCT_BUNDLE_IDENTIFIER = "com.ZhihuDaily2-0Tests";
				PRODUCT_NAME = "$(TARGET_NAME)";
				TEST_HOST = "$(BUILT_PRODUCTS_DIR)/ZhihuDaily2.0.app/ZhihuDaily2.0";
			};
			name = Release;
		};
		AD83A9F11BEC28B3005F7371 /* Debug */ = {
			isa = XCBuildConfiguration;
			buildSettings = {
				INFOPLIST_FILE = ZhihuDaily2.0UITests/Info.plist;
				LD_RUNPATH_SEARCH_PATHS = "$(inherited) @executable_path/Frameworks @loader_path/Frameworks";
				PRODUCT_BUNDLE_IDENTIFIER = "com.ZhihuDaily2-0UITests";
				PRODUCT_NAME = "$(TARGET_NAME)";
				TEST_TARGET_NAME = ZhihuDaily2.0;
				USES_XCTRUNNER = YES;
			};
			name = Debug;
		};
		AD83A9F21BEC28B3005F7371 /* Release */ = {
			isa = XCBuildConfiguration;
			buildSettings = {
				INFOPLIST_FILE = ZhihuDaily2.0UITests/Info.plist;
				LD_RUNPATH_SEARCH_PATHS = "$(inherited) @executable_path/Frameworks @loader_path/Frameworks";
				PRODUCT_BUNDLE_IDENTIFIER = "com.ZhihuDaily2-0UITests";
				PRODUCT_NAME = "$(TARGET_NAME)";
				TEST_TARGET_NAME = ZhihuDaily2.0;
				USES_XCTRUNNER = YES;
			};
			name = Release;
		};
/* End XCBuildConfiguration section */

/* Begin XCConfigurationList section */
		AD83A9B81BEC28B2005F7371 /* Build configuration list for PBXProject "ZhihuDaily2.0" */ = {
			isa = XCConfigurationList;
			buildConfigurations = (
				AD83A9E81BEC28B3005F7371 /* Debug */,
				AD83A9E91BEC28B3005F7371 /* Release */,
			);
			defaultConfigurationIsVisible = 0;
			defaultConfigurationName = Release;
		};
		AD83A9EA1BEC28B3005F7371 /* Build configuration list for PBXNativeTarget "ZhihuDaily2.0" */ = {
			isa = XCConfigurationList;
			buildConfigurations = (
				AD83A9EB1BEC28B3005F7371 /* Debug */,
				AD83A9EC1BEC28B3005F7371 /* Release */,
			);
			defaultConfigurationIsVisible = 0;
			defaultConfigurationName = Release;
		};
		AD83A9ED1BEC28B3005F7371 /* Build configuration list for PBXNativeTarget "ZhihuDaily2.0Tests" */ = {
			isa = XCConfigurationList;
			buildConfigurations = (
				AD83A9EE1BEC28B3005F7371 /* Debug */,
				AD83A9EF1BEC28B3005F7371 /* Release */,
			);
			defaultConfigurationIsVisible = 0;
			defaultConfigurationName = Release;
		};
		AD83A9F01BEC28B3005F7371 /* Build configuration list for PBXNativeTarget "ZhihuDaily2.0UITests" */ = {
			isa = XCConfigurationList;
			buildConfigurations = (
				AD83A9F11BEC28B3005F7371 /* Debug */,
				AD83A9F21BEC28B3005F7371 /* Release */,
			);
			defaultConfigurationIsVisible = 0;
			defaultConfigurationName = Release;
		};
/* End XCConfigurationList section */
	};
	rootObject = AD83A9B51BEC28B2005F7371 /* Project object */;
}
